Microsoft Visual Studio Solution File, Format Version 12.00
# Visual Studio Version 17
VisualStudioVersion = 17.13.35828.75
MinimumVisualStudioVersion = 10.0.40219.1
Project("{FAE04EC0-301F-11D3-BF4B-00C04F79EFBC}") = "Team Project 6", "Team Project 6\Team Project 6.csproj", "{0748FEE7-28EA-4A59-BD82-571E803B7110}"
EndProject
Global
	GlobalSection(SolutionConfigurationPlatforms) = preSolution
		Debug|Any CPU = Debug|Any CPU
		Release|Any CPU = Release|Any CPU
	EndGlobalSection
	GlobalSection(ProjectConfigurationPlatforms) = postSolution
		{0748FEE7-28EA-4A59-BD82-571E803B7110}.Debug|Any CPU.ActiveCfg = Debug|Any CPU
		{0748FEE7-28EA-4A59-BD82-571E803B7110}.Debug|Any CPU.Build.0 = Debug|Any CPU
		{0748FEE7-28EA-4A59-BD82-571E803B7110}.Release|Any CPU.ActiveCfg = Release|Any CPU
		{0748FEE7-28EA-4A59-BD82-571E803B7110}.Release|Any CPU.Build.0 = Release|Any CPU
	EndGlobalSection
	GlobalSection(SolutionProperties) = preSolution
		HideSolutionNode = FALSE
	EndGlobalSection
	GlobalSection(ExtensibilityGlobals) = postSolution
		SolutionGuid = {239D6465-5727-4E00-8A43-CBFC8F936725}
	EndGlobalSection
EndGlobal
