Microsoft Visual Studio Solution File, Format Version 12.00
# Visual Studio Version 17
VisualStudioVersion = 17.13.35825.156
MinimumVisualStudioVersion = 10.0.40219.1
Project("{FAE04EC0-301F-11D3-BF4B-00C04F79EFBC}") = "Team Project", "Team Project\Team Project.csproj", "{A0B8E887-9EF7-4CA6-BBFC-83632D188343}"
EndProject
Project("{FAE04EC0-301F-11D3-BF4B-00C04F79EFBC}") = "??? ??", "??? ??\??? ??.csproj", "{BAA15284-3AE2-49C0-B1BD-1C481671DA9A}"
EndProject
Global
	GlobalSection(SolutionConfigurationPlatforms) = preSolution
		Debug|Any CPU = Debug|Any CPU
		Release|Any CPU = Release|Any CPU
	EndGlobalSection
	GlobalSection(ProjectConfigurationPlatforms) = postSolution
		{A0B8E887-9EF7-4CA6-BBFC-83632D188343}.Debug|Any CPU.ActiveCfg = Debug|Any CPU
		{A0B8E887-9EF7-4CA6-BBFC-83632D188343}.Debug|Any CPU.Build.0 = Debug|Any CPU
		{A0B8E887-9EF7-4CA6-BBFC-83632D188343}.Release|Any CPU.ActiveCfg = Release|Any CPU
		{A0B8E887-9EF7-4CA6-BBFC-83632D188343}.Release|Any CPU.Build.0 = Release|Any CPU
		{BAA15284-3AE2-49C0-B1BD-1C481671DA9A}.Debug|Any CPU.ActiveCfg = Debug|Any CPU
		{BAA15284-3AE2-49C0-B1BD-1C481671DA9A}.Debug|Any CPU.Build.0 = Debug|Any CPU
		{BAA15284-3AE2-49C0-B1BD-1C481671DA9A}.Release|Any CPU.ActiveCfg = Release|Any CPU
		{BAA15284-3AE2-49C0-B1BD-1C481671DA9A}.Release|Any CPU.Build.0 = Release|Any CPU
	EndGlobalSection
	GlobalSection(SolutionProperties) = preSolution
		HideSolutionNode = FALSE
	EndGlobalSection
	GlobalSection(ExtensibilityGlobals) = postSolution
		SolutionGuid = {8308E2A8-5B7C-4429-895E-1568A1179D65}
	EndGlobalSection
EndGlobal
