
Microsoft Visual Studio Solution File, Format Version 12.00
# Visual Studio Version 17
VisualStudioVersion = 17.13.35825.156 d17.13
MinimumVisualStudioVersion = 10.0.40219.1
Project("{FAE04EC0-301F-11D3-BF4B-00C04F79EFBC}") = "250311_김영근", "250311_김영근\250311_김영근.csproj", "{F4A705A3-D1F9-4AC6-AC07-9839A02DF162}"
EndProject
Global
	GlobalSection(SolutionConfigurationPlatforms) = preSolution
		Debug|Any CPU = Debug|Any CPU
		Release|Any CPU = Release|Any CPU
	EndGlobalSection
	GlobalSection(ProjectConfigurationPlatforms) = postSolution
		{F4A705A3-D1F9-4AC6-AC07-9839A02DF162}.Debug|Any CPU.ActiveCfg = Debug|Any CPU
		{F4A705A3-D1F9-4AC6-AC07-9839A02DF162}.Debug|Any CPU.Build.0 = Debug|Any CPU
		{F4A705A3-D1F9-4AC6-AC07-9839A02DF162}.Release|Any CPU.ActiveCfg = Release|Any CPU
		{F4A705A3-D1F9-4AC6-AC07-9839A02DF162}.Release|Any CPU.Build.0 = Release|Any CPU
	EndGlobalSection
	GlobalSection(SolutionProperties) = preSolution
		HideSolutionNode = FALSE
	EndGlobalSection
	GlobalSection(ExtensibilityGlobals) = postSolution
		SolutionGuid = {36464FE5-0356-4FC9-B615-A9028B7494E2}
	EndGlobalSection
EndGlobal
