
Microsoft Visual Studio Solution File, Format Version 12.00
# Visual Studio Version 17
VisualStudioVersion = 17.13.35828.75
MinimumVisualStudioVersion = 10.0.40219.1
Project("{FAE04EC0-301F-11D3-BF4B-00C04F79EFBC}") = "250313_김영근_과제 2", "250313_김영근_과제 2\250313_김영근_과제 2.csproj", "{BB982FA0-9BCE-4358-B7D9-8738EF2E7B39}"
EndProject
Global
	GlobalSection(SolutionConfigurationPlatforms) = preSolution
		Debug|Any CPU = Debug|Any CPU
		Release|Any CPU = Release|Any CPU
	EndGlobalSection
	GlobalSection(ProjectConfigurationPlatforms) = postSolution
		{BB982FA0-9BCE-4358-B7D9-8738EF2E7B39}.Debug|Any CPU.ActiveCfg = Debug|Any CPU
		{BB982FA0-9BCE-4358-B7D9-8738EF2E7B39}.Debug|Any CPU.Build.0 = Debug|Any CPU
		{BB982FA0-9BCE-4358-B7D9-8738EF2E7B39}.Release|Any CPU.ActiveCfg = Release|Any CPU
		{BB982FA0-9BCE-4358-B7D9-8738EF2E7B39}.Release|Any CPU.Build.0 = Release|Any CPU
	EndGlobalSection
	GlobalSection(SolutionProperties) = preSolution
		HideSolutionNode = FALSE
	EndGlobalSection
	GlobalSection(ExtensibilityGlobals) = postSolution
		SolutionGuid = {50664555-447B-4DCE-B588-E64D05DE6F98}
	EndGlobalSection
EndGlobal
