Microsoft Visual Studio Solution File, Format Version 12.00
# Visual Studio Version 17
VisualStudioVersion = 17.13.35825.156
MinimumVisualStudioVersion = 10.0.40219.1
Project("{FAE04EC0-301F-11D3-BF4B-00C04F79EFBC}") = "Text game", "Text game\Text game.csproj", "{8F284102-5019-45B9-B462-2C132678F1B9}"
EndProject
Global
	GlobalSection(SolutionConfigurationPlatforms) = preSolution
		Debug|Any CPU = Debug|Any CPU
		Release|Any CPU = Release|Any CPU
	EndGlobalSection
	GlobalSection(ProjectConfigurationPlatforms) = postSolution
		{8F284102-5019-45B9-B462-2C132678F1B9}.Debug|Any CPU.ActiveCfg = Debug|Any CPU
		{8F284102-5019-45B9-B462-2C132678F1B9}.Debug|Any CPU.Build.0 = Debug|Any CPU
		{8F284102-5019-45B9-B462-2C132678F1B9}.Release|Any CPU.ActiveCfg = Release|Any CPU
		{8F284102-5019-45B9-B462-2C132678F1B9}.Release|Any CPU.Build.0 = Release|Any CPU
	EndGlobalSection
	GlobalSection(SolutionProperties) = preSolution
		HideSolutionNode = FALSE
	EndGlobalSection
	GlobalSection(ExtensibilityGlobals) = postSolution
		SolutionGuid = {C7B286FA-3D5D-4715-AF0E-BBED423D89CF}
	EndGlobalSection
EndGlobal
